// !$*UTF8*$!
{
	archiveVersion = 1;
	classes = {
	};
	objectVersion = 46;
	objects = {

/* Begin PBXBuildFile section */
		18EB3F401BC94F7600AE1581 /* main.m in Sources */ = {isa = PBXBuildFile; fileRef = 18EB3F3F1BC94F7600AE1581 /* main.m */; };
		18EB3F431BC94F7700AE1581 /* AppDelegate.m in Sources */ = {isa = PBXBuildFile; fileRef = 18EB3F421BC94F7700AE1581 /* AppDelegate.m */; };
		18EB3F4B1BC94F7700AE1581 /* Images.xcassets in Resources */ = {isa = PBXBuildFile; fileRef = 18EB3F4A1BC94F7700AE1581 /* Images.xcassets */; };
		18EB3F4E1BC94F7700AE1581 /* LaunchScreen.xib in Resources */ = {isa = PBXBuildFile; fileRef = 18EB3F4C1BC94F7700AE1581 /* LaunchScreen.xib */; };
		18EB3F5A1BC94F7700AE1581 /* localHackDayTests.m in Sources */ = {isa = PBXBuildFile; fileRef = 18EB3F591BC94F7700AE1581 /* localHackDayTests.m */; };
		7302EF1A1BE032DD006D594D /* EditCategoryViewController.m in Sources */ = {isa = PBXBuildFile; fileRef = 7302EF181BE032DD006D594D /* EditCategoryViewController.m */; };
		7302EF1B1BE032DD006D594D /* EditCategoryViewController.xib in Resources */ = {isa = PBXBuildFile; fileRef = 7302EF191BE032DD006D594D /* EditCategoryViewController.xib */; };
		731986071BCDAAF5007D5B13 /* NewTaskViewController.m in Sources */ = {isa = PBXBuildFile; fileRef = 731986051BCDAAF5007D5B13 /* NewTaskViewController.m */; };
		731986081BCDAAF5007D5B13 /* NewTaskViewController.xib in Resources */ = {isa = PBXBuildFile; fileRef = 731986061BCDAAF5007D5B13 /* NewTaskViewController.xib */; };
		7319860C1BCDABD4007D5B13 /* NewCategoryViewController.m in Sources */ = {isa = PBXBuildFile; fileRef = 7319860A1BCDABD4007D5B13 /* NewCategoryViewController.m */; };
		7319860D1BCDABD4007D5B13 /* NewCategoryViewController.xib in Resources */ = {isa = PBXBuildFile; fileRef = 7319860B1BCDABD4007D5B13 /* NewCategoryViewController.xib */; };
		7323900E1BD3971A001AA917 /* Logo.png in Resources */ = {isa = PBXBuildFile; fileRef = 7323900D1BD3971A001AA917 /* Logo.png */; };
		7324C08C1BD8481A0049465C /* MyFlatViewController.m in Sources */ = {isa = PBXBuildFile; fileRef = 7324C08A1BD8481A0049465C /* MyFlatViewController.m */; };
		7324C08D1BD8481A0049465C /* MyFlatViewController.xib in Resources */ = {isa = PBXBuildFile; fileRef = 7324C08B1BD8481A0049465C /* MyFlatViewController.xib */; };
		7388DCEF1BD3B13B0088C824 /* AvailableTasksViewController.m in Sources */ = {isa = PBXBuildFile; fileRef = 7388DCED1BD3B13B0088C824 /* AvailableTasksViewController.m */; };
		7388DCF01BD3B13B0088C824 /* AvailableTasksViewController.xib in Resources */ = {isa = PBXBuildFile; fileRef = 7388DCEE1BD3B13B0088C824 /* AvailableTasksViewController.xib */; };
		7392C6081BD13D5300D2549A /* LoginViewController.m in Sources */ = {isa = PBXBuildFile; fileRef = 7392C6061BD13D5300D2549A /* LoginViewController.m */; };
		7392C6091BD13D5300D2549A /* LoginViewController.xib in Resources */ = {isa = PBXBuildFile; fileRef = 7392C6071BD13D5300D2549A /* LoginViewController.xib */; };
		7392C60D1BD1422500D2549A /* CategoryViewController.m in Sources */ = {isa = PBXBuildFile; fileRef = 7392C60B1BD1422400D2549A /* CategoryViewController.m */; };
		7392C60E1BD1422500D2549A /* CategoryViewController.xib in Resources */ = {isa = PBXBuildFile; fileRef = 7392C60C1BD1422400D2549A /* CategoryViewController.xib */; };
		739DB4E21BD2D9E900336726 /* SelectedCategoryViewController.m in Sources */ = {isa = PBXBuildFile; fileRef = 739DB4E01BD2D9E900336726 /* SelectedCategoryViewController.m */; };
		739DB4E31BD2D9E900336726 /* SelectedCategoryViewController.xib in Resources */ = {isa = PBXBuildFile; fileRef = 739DB4E11BD2D9E900336726 /* SelectedCategoryViewController.xib */; };
		739DB4F61BD3010000336726 /* MainTabBarController.m in Sources */ = {isa = PBXBuildFile; fileRef = 739DB4F41BD3010000336726 /* MainTabBarController.m */; };
		739DB4F71BD3010000336726 /* MainTabBarController.xib in Resources */ = {isa = PBXBuildFile; fileRef = 739DB4F51BD3010000336726 /* MainTabBarController.xib */; };
		73AA9B0F1BD4DBFC00F1ADC9 /* EditTaskViewController.m in Sources */ = {isa = PBXBuildFile; fileRef = 73AA9B0D1BD4DBFC00F1ADC9 /* EditTaskViewController.m */; };
		73AA9B101BD4DBFC00F1ADC9 /* EditTaskViewController.xib in Resources */ = {isa = PBXBuildFile; fileRef = 73AA9B0E1BD4DBFC00F1ADC9 /* EditTaskViewController.xib */; };
		73AAA74C1BD8ECFA00B2906B /* settingsIcon.png in Resources */ = {isa = PBXBuildFile; fileRef = 73AAA74B1BD8ECFA00B2906B /* settingsIcon.png */; };
		73AAA7561BD8FA1800B2906B /* settingsIcon2.png in Resources */ = {isa = PBXBuildFile; fileRef = 73AAA7551BD8FA1800B2906B /* settingsIcon2.png */; };
		73AAA75A1BD9005000B2906B /* NewFlatmateViewController.m in Sources */ = {isa = PBXBuildFile; fileRef = 73AAA7581BD9005000B2906B /* NewFlatmateViewController.m */; };
		73AAA75B1BD9005000B2906B /* NewFlatmateViewController.xib in Resources */ = {isa = PBXBuildFile; fileRef = 73AAA7591BD9005000B2906B /* NewFlatmateViewController.xib */; };
		73B25A1F1BE4E91600D8A639 /* MyTasksViewController.m in Sources */ = {isa = PBXBuildFile; fileRef = 73B25A1D1BE4E91600D8A639 /* MyTasksViewController.m */; };
		73B25A201BE4E91600D8A639 /* MyTasksViewController.xib in Resources */ = {isa = PBXBuildFile; fileRef = 73B25A1E1BE4E91600D8A639 /* MyTasksViewController.xib */; };
		73C1E9251BDC2AD4001565F4 /* RegisterFlatViewController.m in Sources */ = {isa = PBXBuildFile; fileRef = 73C1E9231BDC2AD4001565F4 /* RegisterFlatViewController.m */; };
		73C1E9261BDC2AD4001565F4 /* RegisterFlatViewController.xib in Resources */ = {isa = PBXBuildFile; fileRef = 73C1E9241BDC2AD4001565F4 /* RegisterFlatViewController.xib */; };
		73C1E92A1BDC2D16001565F4 /* RegisterUserViewController.m in Sources */ = {isa = PBXBuildFile; fileRef = 73C1E9281BDC2D16001565F4 /* RegisterUserViewController.m */; };
		73C1E92B1BDC2D16001565F4 /* RegisterUserViewController.xib in Resources */ = {isa = PBXBuildFile; fileRef = 73C1E9291BDC2D16001565F4 /* RegisterUserViewController.xib */; };
		73CCD2501BD43E5C00CD3678 /* SelectedTaskViewController.m in Sources */ = {isa = PBXBuildFile; fileRef = 73CCD24E1BD43E5C00CD3678 /* SelectedTaskViewController.m */; };
		73CCD2511BD43E5C00CD3678 /* SelectedTaskViewController.xib in Resources */ = {isa = PBXBuildFile; fileRef = 73CCD24F1BD43E5C00CD3678 /* SelectedTaskViewController.xib */; };
		906356691BC9625F00FD116A /* Bolts.framework in Frameworks */ = {isa = PBXBuildFile; fileRef = 906356671BC9625F00FD116A /* Bolts.framework */; };
		9063566A1BC9625F00FD116A /* Parse.framework in Frameworks */ = {isa = PBXBuildFile; fileRef = 906356681BC9625F00FD116A /* Parse.framework */; };
		9063566C1BC9627F00FD116A /* AudioToolbox.framework in Frameworks */ = {isa = PBXBuildFile; fileRef = 9063566B1BC9627F00FD116A /* AudioToolbox.framework */; };
		9063566E1BC9628600FD116A /* CFNetwork.framework in Frameworks */ = {isa = PBXBuildFile; fileRef = 9063566D1BC9628600FD116A /* CFNetwork.framework */; };
		906356701BC9628F00FD116A /* CoreGraphics.framework in Frameworks */ = {isa = PBXBuildFile; fileRef = 9063566F1BC9628F00FD116A /* CoreGraphics.framework */; };
		906356721BC9629700FD116A /* CoreLocation.framework in Frameworks */ = {isa = PBXBuildFile; fileRef = 906356711BC9629700FD116A /* CoreLocation.framework */; };
		906356741BC9629E00FD116A /* QuartzCore.framework in Frameworks */ = {isa = PBXBuildFile; fileRef = 906356731BC9629E00FD116A /* QuartzCore.framework */; };
		906356761BC962A600FD116A /* Security.framework in Frameworks */ = {isa = PBXBuildFile; fileRef = 906356751BC962A600FD116A /* Security.framework */; };
		906356781BC962AC00FD116A /* StoreKit.framework in Frameworks */ = {isa = PBXBuildFile; fileRef = 906356771BC962AC00FD116A /* StoreKit.framework */; };
		9063567A1BC962B600FD116A /* SystemConfiguration.framework in Frameworks */ = {isa = PBXBuildFile; fileRef = 906356791BC962B600FD116A /* SystemConfiguration.framework */; };
		9063567C1BC962BF00FD116A /* libz.dylib in Frameworks */ = {isa = PBXBuildFile; fileRef = 9063567B1BC962BF00FD116A /* libz.dylib */; };
		9063567E1BC962D500FD116A /* libsqlite3.dylib in Frameworks */ = {isa = PBXBuildFile; fileRef = 9063567D1BC962D500FD116A /* libsqlite3.dylib */; };
/* End PBXBuildFile section */

/* Begin PBXContainerItemProxy section */
		18EB3F541BC94F7700AE1581 /* PBXContainerItemProxy */ = {
			isa = PBXContainerItemProxy;
			containerPortal = 18EB3F321BC94F7600AE1581 /* Project object */;
			proxyType = 1;
			remoteGlobalIDString = 18EB3F391BC94F7600AE1581;
			remoteInfo = localHackDay;
		};
/* End PBXContainerItemProxy section */

/* Begin PBXFileReference section */
		18EB3F3A1BC94F7600AE1581 /* localHackDay.app */ = {isa = PBXFileReference; explicitFileType = wrapper.application; includeInIndex = 0; path = localHackDay.app; sourceTree = BUILT_PRODUCTS_DIR; };
		18EB3F3E1BC94F7600AE1581 /* Info.plist */ = {isa = PBXFileReference; lastKnownFileType = text.plist.xml; path = Info.plist; sourceTree = "<group>"; };
		18EB3F3F1BC94F7600AE1581 /* main.m */ = {isa = PBXFileReference; lastKnownFileType = sourcecode.c.objc; path = main.m; sourceTree = "<group>"; };
		18EB3F411BC94F7600AE1581 /* AppDelegate.h */ = {isa = PBXFileReference; lastKnownFileType = sourcecode.c.h; path = AppDelegate.h; sourceTree = "<group>"; };
		18EB3F421BC94F7700AE1581 /* AppDelegate.m */ = {isa = PBXFileReference; lastKnownFileType = sourcecode.c.objc; path = AppDelegate.m; sourceTree = "<group>"; };
		18EB3F4A1BC94F7700AE1581 /* Images.xcassets */ = {isa = PBXFileReference; lastKnownFileType = folder.assetcatalog; path = Images.xcassets; sourceTree = "<group>"; };
		18EB3F4D1BC94F7700AE1581 /* Base */ = {isa = PBXFileReference; lastKnownFileType = file.xib; name = Base; path = Base.lproj/LaunchScreen.xib; sourceTree = "<group>"; };
		18EB3F531BC94F7700AE1581 /* localHackDayTests.xctest */ = {isa = PBXFileReference; explicitFileType = wrapper.cfbundle; includeInIndex = 0; path = localHackDayTests.xctest; sourceTree = BUILT_PRODUCTS_DIR; };
		18EB3F581BC94F7700AE1581 /* Info.plist */ = {isa = PBXFileReference; lastKnownFileType = text.plist.xml; path = Info.plist; sourceTree = "<group>"; };
		18EB3F591BC94F7700AE1581 /* localHackDayTests.m */ = {isa = PBXFileReference; lastKnownFileType = sourcecode.c.objc; path = localHackDayTests.m; sourceTree = "<group>"; };
		7302EF171BE032DD006D594D /* EditCategoryViewController.h */ = {isa = PBXFileReference; fileEncoding = 4; lastKnownFileType = sourcecode.c.h; path = EditCategoryViewController.h; sourceTree = "<group>"; };
		7302EF181BE032DD006D594D /* EditCategoryViewController.m */ = {isa = PBXFileReference; fileEncoding = 4; lastKnownFileType = sourcecode.c.objc; path = EditCategoryViewController.m; sourceTree = "<group>"; };
		7302EF191BE032DD006D594D /* EditCategoryViewController.xib */ = {isa = PBXFileReference; fileEncoding = 4; lastKnownFileType = file.xib; path = EditCategoryViewController.xib; sourceTree = "<group>"; };
		731986041BCDAAF5007D5B13 /* NewTaskViewController.h */ = {isa = PBXFileReference; fileEncoding = 4; lastKnownFileType = sourcecode.c.h; path = NewTaskViewController.h; sourceTree = "<group>"; };
		731986051BCDAAF5007D5B13 /* NewTaskViewController.m */ = {isa = PBXFileReference; fileEncoding = 4; lastKnownFileType = sourcecode.c.objc; path = NewTaskViewController.m; sourceTree = "<group>"; };
		731986061BCDAAF5007D5B13 /* NewTaskViewController.xib */ = {isa = PBXFileReference; fileEncoding = 4; lastKnownFileType = file.xib; path = NewTaskViewController.xib; sourceTree = "<group>"; };
		731986091BCDABD4007D5B13 /* NewCategoryViewController.h */ = {isa = PBXFileReference; fileEncoding = 4; lastKnownFileType = sourcecode.c.h; path = NewCategoryViewController.h; sourceTree = "<group>"; };
		7319860A1BCDABD4007D5B13 /* NewCategoryViewController.m */ = {isa = PBXFileReference; fileEncoding = 4; lastKnownFileType = sourcecode.c.objc; path = NewCategoryViewController.m; sourceTree = "<group>"; };
		7319860B1BCDABD4007D5B13 /* NewCategoryViewController.xib */ = {isa = PBXFileReference; fileEncoding = 4; lastKnownFileType = file.xib; path = NewCategoryViewController.xib; sourceTree = "<group>"; };
		7323900D1BD3971A001AA917 /* Logo.png */ = {isa = PBXFileReference; lastKnownFileType = image.png; path = Logo.png; sourceTree = "<group>"; };
		7324C0891BD8481A0049465C /* MyFlatViewController.h */ = {isa = PBXFileReference; fileEncoding = 4; lastKnownFileType = sourcecode.c.h; path = MyFlatViewController.h; sourceTree = "<group>"; };
		7324C08A1BD8481A0049465C /* MyFlatViewController.m */ = {isa = PBXFileReference; fileEncoding = 4; lastKnownFileType = sourcecode.c.objc; path = MyFlatViewController.m; sourceTree = "<group>"; };
		7324C08B1BD8481A0049465C /* MyFlatViewController.xib */ = {isa = PBXFileReference; fileEncoding = 4; lastKnownFileType = file.xib; path = MyFlatViewController.xib; sourceTree = "<group>"; };
		7388DCEC1BD3B13B0088C824 /* AvailableTasksViewController.h */ = {isa = PBXFileReference; fileEncoding = 4; lastKnownFileType = sourcecode.c.h; path = AvailableTasksViewController.h; sourceTree = "<group>"; };
		7388DCED1BD3B13B0088C824 /* AvailableTasksViewController.m */ = {isa = PBXFileReference; fileEncoding = 4; lastKnownFileType = sourcecode.c.objc; path = AvailableTasksViewController.m; sourceTree = "<group>"; };
		7388DCEE1BD3B13B0088C824 /* AvailableTasksViewController.xib */ = {isa = PBXFileReference; fileEncoding = 4; lastKnownFileType = file.xib; path = AvailableTasksViewController.xib; sourceTree = "<group>"; };
		7392C6051BD13D5300D2549A /* LoginViewController.h */ = {isa = PBXFileReference; fileEncoding = 4; lastKnownFileType = sourcecode.c.h; path = LoginViewController.h; sourceTree = "<group>"; };
		7392C6061BD13D5300D2549A /* LoginViewController.m */ = {isa = PBXFileReference; fileEncoding = 4; lastKnownFileType = sourcecode.c.objc; path = LoginViewController.m; sourceTree = "<group>"; };
		7392C6071BD13D5300D2549A /* LoginViewController.xib */ = {isa = PBXFileReference; fileEncoding = 4; lastKnownFileType = file.xib; path = LoginViewController.xib; sourceTree = "<group>"; };
		7392C60A1BD1422400D2549A /* CategoryViewController.h */ = {isa = PBXFileReference; fileEncoding = 4; lastKnownFileType = sourcecode.c.h; path = CategoryViewController.h; sourceTree = "<group>"; };
		7392C60B1BD1422400D2549A /* CategoryViewController.m */ = {isa = PBXFileReference; fileEncoding = 4; lastKnownFileType = sourcecode.c.objc; path = CategoryViewController.m; sourceTree = "<group>"; };
		7392C60C1BD1422400D2549A /* CategoryViewController.xib */ = {isa = PBXFileReference; fileEncoding = 4; lastKnownFileType = file.xib; path = CategoryViewController.xib; sourceTree = "<group>"; };
		739DB4DF1BD2D9E900336726 /* SelectedCategoryViewController.h */ = {isa = PBXFileReference; fileEncoding = 4; lastKnownFileType = sourcecode.c.h; path = SelectedCategoryViewController.h; sourceTree = "<group>"; };
		739DB4E01BD2D9E900336726 /* SelectedCategoryViewController.m */ = {isa = PBXFileReference; fileEncoding = 4; lastKnownFileType = sourcecode.c.objc; path = SelectedCategoryViewController.m; sourceTree = "<group>"; };
		739DB4E11BD2D9E900336726 /* SelectedCategoryViewController.xib */ = {isa = PBXFileReference; fileEncoding = 4; lastKnownFileType = file.xib; path = SelectedCategoryViewController.xib; sourceTree = "<group>"; };
		739DB4F31BD3010000336726 /* MainTabBarController.h */ = {isa = PBXFileReference; fileEncoding = 4; lastKnownFileType = sourcecode.c.h; path = MainTabBarController.h; sourceTree = "<group>"; };
		739DB4F41BD3010000336726 /* MainTabBarController.m */ = {isa = PBXFileReference; fileEncoding = 4; lastKnownFileType = sourcecode.c.objc; path = MainTabBarController.m; sourceTree = "<group>"; };
		739DB4F51BD3010000336726 /* MainTabBarController.xib */ = {isa = PBXFileReference; fileEncoding = 4; lastKnownFileType = file.xib; path = MainTabBarController.xib; sourceTree = "<group>"; };
		73AA9B0C1BD4DBFC00F1ADC9 /* EditTaskViewController.h */ = {isa = PBXFileReference; fileEncoding = 4; lastKnownFileType = sourcecode.c.h; path = EditTaskViewController.h; sourceTree = "<group>"; };
		73AA9B0D1BD4DBFC00F1ADC9 /* EditTaskViewController.m */ = {isa = PBXFileReference; fileEncoding = 4; lastKnownFileType = sourcecode.c.objc; path = EditTaskViewController.m; sourceTree = "<group>"; };
		73AA9B0E1BD4DBFC00F1ADC9 /* EditTaskViewController.xib */ = {isa = PBXFileReference; fileEncoding = 4; lastKnownFileType = file.xib; path = EditTaskViewController.xib; sourceTree = "<group>"; };
		73AAA74B1BD8ECFA00B2906B /* settingsIcon.png */ = {isa = PBXFileReference; lastKnownFileType = image.png; path = settingsIcon.png; sourceTree = "<group>"; };
		73AAA7551BD8FA1800B2906B /* settingsIcon2.png */ = {isa = PBXFileReference; lastKnownFileType = image.png; path = settingsIcon2.png; sourceTree = "<group>"; };
		73AAA7571BD9005000B2906B /* NewFlatmateViewController.h */ = {isa = PBXFileReference; fileEncoding = 4; lastKnownFileType = sourcecode.c.h; path = NewFlatmateViewController.h; sourceTree = "<group>"; };
		73AAA7581BD9005000B2906B /* NewFlatmateViewController.m */ = {isa = PBXFileReference; fileEncoding = 4; lastKnownFileType = sourcecode.c.objc; path = NewFlatmateViewController.m; sourceTree = "<group>"; };
		73AAA7591BD9005000B2906B /* NewFlatmateViewController.xib */ = {isa = PBXFileReference; fileEncoding = 4; lastKnownFileType = file.xib; path = NewFlatmateViewController.xib; sourceTree = "<group>"; };
		73B25A1C1BE4E91600D8A639 /* MyTasksViewController.h */ = {isa = PBXFileReference; fileEncoding = 4; lastKnownFileType = sourcecode.c.h; path = MyTasksViewController.h; sourceTree = "<group>"; };
		73B25A1D1BE4E91600D8A639 /* MyTasksViewController.m */ = {isa = PBXFileReference; fileEncoding = 4; lastKnownFileType = sourcecode.c.objc; path = MyTasksViewController.m; sourceTree = "<group>"; };
		73B25A1E1BE4E91600D8A639 /* MyTasksViewController.xib */ = {isa = PBXFileReference; fileEncoding = 4; lastKnownFileType = file.xib; path = MyTasksViewController.xib; sourceTree = "<group>"; };
		73C1E9221BDC2AD4001565F4 /* RegisterFlatViewController.h */ = {isa = PBXFileReference; fileEncoding = 4; lastKnownFileType = sourcecode.c.h; path = RegisterFlatViewController.h; sourceTree = "<group>"; };
		73C1E9231BDC2AD4001565F4 /* RegisterFlatViewController.m */ = {isa = PBXFileReference; fileEncoding = 4; lastKnownFileType = sourcecode.c.objc; path = RegisterFlatViewController.m; sourceTree = "<group>"; };
		73C1E9241BDC2AD4001565F4 /* RegisterFlatViewController.xib */ = {isa = PBXFileReference; fileEncoding = 4; lastKnownFileType = file.xib; path = RegisterFlatViewController.xib; sourceTree = "<group>"; };
		73C1E9271BDC2D16001565F4 /* RegisterUserViewController.h */ = {isa = PBXFileReference; fileEncoding = 4; lastKnownFileType = sourcecode.c.h; path = RegisterUserViewController.h; sourceTree = "<group>"; };
		73C1E9281BDC2D16001565F4 /* RegisterUserViewController.m */ = {isa = PBXFileReference; fileEncoding = 4; lastKnownFileType = sourcecode.c.objc; path = RegisterUserViewController.m; sourceTree = "<group>"; };
		73C1E9291BDC2D16001565F4 /* RegisterUserViewController.xib */ = {isa = PBXFileReference; fileEncoding = 4; lastKnownFileType = file.xib; path = RegisterUserViewController.xib; sourceTree = "<group>"; };
		73CCD24D1BD43E5C00CD3678 /* SelectedTaskViewController.h */ = {isa = PBXFileReference; fileEncoding = 4; lastKnownFileType = sourcecode.c.h; path = SelectedTaskViewController.h; sourceTree = "<group>"; };
		73CCD24E1BD43E5C00CD3678 /* SelectedTaskViewController.m */ = {isa = PBXFileReference; fileEncoding = 4; lastKnownFileType = sourcecode.c.objc; path = SelectedTaskViewController.m; sourceTree = "<group>"; };
		73CCD24F1BD43E5C00CD3678 /* SelectedTaskViewController.xib */ = {isa = PBXFileReference; fileEncoding = 4; lastKnownFileType = file.xib; path = SelectedTaskViewController.xib; sourceTree = "<group>"; };
		906356671BC9625F00FD116A /* Bolts.framework */ = {isa = PBXFileReference; lastKnownFileType = wrapper.framework; path = Bolts.framework; sourceTree = "<group>"; };
		906356681BC9625F00FD116A /* Parse.framework */ = {isa = PBXFileReference; lastKnownFileType = wrapper.framework; path = Parse.framework; sourceTree = "<group>"; };
		9063566B1BC9627F00FD116A /* AudioToolbox.framework */ = {isa = PBXFileReference; lastKnownFileType = wrapper.framework; name = AudioToolbox.framework; path = System/Library/Frameworks/AudioToolbox.framework; sourceTree = SDKROOT; };
		9063566D1BC9628600FD116A /* CFNetwork.framework */ = {isa = PBXFileReference; lastKnownFileType = wrapper.framework; name = CFNetwork.framework; path = System/Library/Frameworks/CFNetwork.framework; sourceTree = SDKROOT; };
		9063566F1BC9628F00FD116A /* CoreGraphics.framework */ = {isa = PBXFileReference; lastKnownFileType = wrapper.framework; name = CoreGraphics.framework; path = System/Library/Frameworks/CoreGraphics.framework; sourceTree = SDKROOT; };
		906356711BC9629700FD116A /* CoreLocation.framework */ = {isa = PBXFileReference; lastKnownFileType = wrapper.framework; name = CoreLocation.framework; path = System/Library/Frameworks/CoreLocation.framework; sourceTree = SDKROOT; };
		906356731BC9629E00FD116A /* QuartzCore.framework */ = {isa = PBXFileReference; lastKnownFileType = wrapper.framework; name = QuartzCore.framework; path = System/Library/Frameworks/QuartzCore.framework; sourceTree = SDKROOT; };
		906356751BC962A600FD116A /* Security.framework */ = {isa = PBXFileReference; lastKnownFileType = wrapper.framework; name = Security.framework; path = System/Library/Frameworks/Security.framework; sourceTree = SDKROOT; };
		906356771BC962AC00FD116A /* StoreKit.framework */ = {isa = PBXFileReference; lastKnownFileType = wrapper.framework; name = StoreKit.framework; path = System/Library/Frameworks/StoreKit.framework; sourceTree = SDKROOT; };
		906356791BC962B600FD116A /* SystemConfiguration.framework */ = {isa = PBXFileReference; lastKnownFileType = wrapper.framework; name = SystemConfiguration.framework; path = System/Library/Frameworks/SystemConfiguration.framework; sourceTree = SDKROOT; };
		9063567B1BC962BF00FD116A /* libz.dylib */ = {isa = PBXFileReference; lastKnownFileType = "compiled.mach-o.dylib"; name = libz.dylib; path = usr/lib/libz.dylib; sourceTree = SDKROOT; };
		9063567D1BC962D500FD116A /* libsqlite3.dylib */ = {isa = PBXFileReference; lastKnownFileType = "compiled.mach-o.dylib"; name = libsqlite3.dylib; path = usr/lib/libsqlite3.dylib; sourceTree = SDKROOT; };
/* End PBXFileReference section */

/* Begin PBXFrameworksBuildPhase section */
		18EB3F371BC94F7600AE1581 /* Frameworks */ = {
			isa = PBXFrameworksBuildPhase;
			buildActionMask = 2147483647;
			files = (
				9063567E1BC962D500FD116A /* libsqlite3.dylib in Frameworks */,
				9063567C1BC962BF00FD116A /* libz.dylib in Frameworks */,
				9063567A1BC962B600FD116A /* SystemConfiguration.framework in Frameworks */,
				906356781BC962AC00FD116A /* StoreKit.framework in Frameworks */,
				906356761BC962A600FD116A /* Security.framework in Frameworks */,
				906356741BC9629E00FD116A /* QuartzCore.framework in Frameworks */,
				906356721BC9629700FD116A /* CoreLocation.framework in Frameworks */,
				906356701BC9628F00FD116A /* CoreGraphics.framework in Frameworks */,
				9063566E1BC9628600FD116A /* CFNetwork.framework in Frameworks */,
				9063566C1BC9627F00FD116A /* AudioToolbox.framework in Frameworks */,
				9063566A1BC9625F00FD116A /* Parse.framework in Frameworks */,
				906356691BC9625F00FD116A /* Bolts.framework in Frameworks */,
			);
			runOnlyForDeploymentPostprocessing = 0;
		};
		18EB3F501BC94F7700AE1581 /* Frameworks */ = {
			isa = PBXFrameworksBuildPhase;
			buildActionMask = 2147483647;
			files = (
			);
			runOnlyForDeploymentPostprocessing = 0;
		};
/* End PBXFrameworksBuildPhase section */

/* Begin PBXGroup section */
		18EB3F311BC94F7600AE1581 = {
			isa = PBXGroup;
			children = (
				9063567D1BC962D500FD116A /* libsqlite3.dylib */,
				9063567B1BC962BF00FD116A /* libz.dylib */,
				906356791BC962B600FD116A /* SystemConfiguration.framework */,
				906356771BC962AC00FD116A /* StoreKit.framework */,
				906356751BC962A600FD116A /* Security.framework */,
				906356731BC9629E00FD116A /* QuartzCore.framework */,
				906356711BC9629700FD116A /* CoreLocation.framework */,
				9063566F1BC9628F00FD116A /* CoreGraphics.framework */,
				9063566D1BC9628600FD116A /* CFNetwork.framework */,
				9063566B1BC9627F00FD116A /* AudioToolbox.framework */,
				906356671BC9625F00FD116A /* Bolts.framework */,
				906356681BC9625F00FD116A /* Parse.framework */,
				18EB3F3C1BC94F7600AE1581 /* localHackDay */,
				18EB3F561BC94F7700AE1581 /* localHackDayTests */,
				18EB3F3B1BC94F7600AE1581 /* Products */,
			);
			sourceTree = "<group>";
		};
		18EB3F3B1BC94F7600AE1581 /* Products */ = {
			isa = PBXGroup;
			children = (
				18EB3F3A1BC94F7600AE1581 /* localHackDay.app */,
				18EB3F531BC94F7700AE1581 /* localHackDayTests.xctest */,
			);
			name = Products;
			sourceTree = "<group>";
		};
		18EB3F3C1BC94F7600AE1581 /* localHackDay */ = {
			isa = PBXGroup;
			children = (
				73AAA74B1BD8ECFA00B2906B /* settingsIcon.png */,
				73AAA7551BD8FA1800B2906B /* settingsIcon2.png */,
				7323900D1BD3971A001AA917 /* Logo.png */,
				18EB3F411BC94F7600AE1581 /* AppDelegate.h */,
				18EB3F421BC94F7700AE1581 /* AppDelegate.m */,
				7324C0891BD8481A0049465C /* MyFlatViewController.h */,
				7324C08A1BD8481A0049465C /* MyFlatViewController.m */,
				7324C08B1BD8481A0049465C /* MyFlatViewController.xib */,
				73AAA7571BD9005000B2906B /* NewFlatmateViewController.h */,
				73AAA7581BD9005000B2906B /* NewFlatmateViewController.m */,
				73AAA7591BD9005000B2906B /* NewFlatmateViewController.xib */,
				7392C6051BD13D5300D2549A /* LoginViewController.h */,
				7392C6061BD13D5300D2549A /* LoginViewController.m */,
				7392C6071BD13D5300D2549A /* LoginViewController.xib */,
				73C1E9271BDC2D16001565F4 /* RegisterUserViewController.h */,
				73C1E9281BDC2D16001565F4 /* RegisterUserViewController.m */,
				73C1E9291BDC2D16001565F4 /* RegisterUserViewController.xib */,
				73C1E9221BDC2AD4001565F4 /* RegisterFlatViewController.h */,
				73C1E9231BDC2AD4001565F4 /* RegisterFlatViewController.m */,
				73C1E9241BDC2AD4001565F4 /* RegisterFlatViewController.xib */,
				731986041BCDAAF5007D5B13 /* NewTaskViewController.h */,
				731986051BCDAAF5007D5B13 /* NewTaskViewController.m */,
				731986061BCDAAF5007D5B13 /* NewTaskViewController.xib */,
				739DB4F31BD3010000336726 /* MainTabBarController.h */,
				739DB4F41BD3010000336726 /* MainTabBarController.m */,
				739DB4F51BD3010000336726 /* MainTabBarController.xib */,
				7392C60A1BD1422400D2549A /* CategoryViewController.h */,
				7392C60B1BD1422400D2549A /* CategoryViewController.m */,
				7392C60C1BD1422400D2549A /* CategoryViewController.xib */,
				731986091BCDABD4007D5B13 /* NewCategoryViewController.h */,
				7319860A1BCDABD4007D5B13 /* NewCategoryViewController.m */,
				7319860B1BCDABD4007D5B13 /* NewCategoryViewController.xib */,
				7388DCEC1BD3B13B0088C824 /* AvailableTasksViewController.h */,
				7388DCED1BD3B13B0088C824 /* AvailableTasksViewController.m */,
				7388DCEE1BD3B13B0088C824 /* AvailableTasksViewController.xib */,
				739DB4DF1BD2D9E900336726 /* SelectedCategoryViewController.h */,
				739DB4E01BD2D9E900336726 /* SelectedCategoryViewController.m */,
				739DB4E11BD2D9E900336726 /* SelectedCategoryViewController.xib */,
				73CCD24D1BD43E5C00CD3678 /* SelectedTaskViewController.h */,
				73CCD24E1BD43E5C00CD3678 /* SelectedTaskViewController.m */,
				73CCD24F1BD43E5C00CD3678 /* SelectedTaskViewController.xib */,
				73AA9B0C1BD4DBFC00F1ADC9 /* EditTaskViewController.h */,
				73AA9B0D1BD4DBFC00F1ADC9 /* EditTaskViewController.m */,
				73AA9B0E1BD4DBFC00F1ADC9 /* EditTaskViewController.xib */,
				7302EF171BE032DD006D594D /* EditCategoryViewController.h */,
				7302EF181BE032DD006D594D /* EditCategoryViewController.m */,
				7302EF191BE032DD006D594D /* EditCategoryViewController.xib */,
				73B25A1C1BE4E91600D8A639 /* MyTasksViewController.h */,
				73B25A1D1BE4E91600D8A639 /* MyTasksViewController.m */,
				73B25A1E1BE4E91600D8A639 /* MyTasksViewController.xib */,
				18EB3F4A1BC94F7700AE1581 /* Images.xcassets */,
				18EB3F4C1BC94F7700AE1581 /* LaunchScreen.xib */,
				18EB3F3D1BC94F7600AE1581 /* Supporting Files */,
			);
			path = localHackDay;
			sourceTree = "<group>";
		};
		18EB3F3D1BC94F7600AE1581 /* Supporting Files */ = {
			isa = PBXGroup;
			children = (
				18EB3F3E1BC94F7600AE1581 /* Info.plist */,
				18EB3F3F1BC94F7600AE1581 /* main.m */,
			);
			name = "Supporting Files";
			sourceTree = "<group>";
		};
		18EB3F561BC94F7700AE1581 /* localHackDayTests */ = {
			isa = PBXGroup;
			children = (
				18EB3F591BC94F7700AE1581 /* localHackDayTests.m */,
				18EB3F571BC94F7700AE1581 /* Supporting Files */,
			);
			path = localHackDayTests;
			sourceTree = "<group>";
		};
		18EB3F571BC94F7700AE1581 /* Supporting Files */ = {
			isa = PBXGroup;
			children = (
				18EB3F581BC94F7700AE1581 /* Info.plist */,
			);
			name = "Supporting Files";
			sourceTree = "<group>";
		};
/* End PBXGroup section */

/* Begin PBXNativeTarget section */
		18EB3F391BC94F7600AE1581 /* localHackDay */ = {
			isa = PBXNativeTarget;
			buildConfigurationList = 18EB3F5D1BC94F7700AE1581 /* Build configuration list for PBXNativeTarget "localHackDay" */;
			buildPhases = (
				18EB3F361BC94F7600AE1581 /* Sources */,
				18EB3F371BC94F7600AE1581 /* Frameworks */,
				18EB3F381BC94F7600AE1581 /* Resources */,
			);
			buildRules = (
			);
			dependencies = (
			);
			name = localHackDay;
			productName = localHackDay;
			productReference = 18EB3F3A1BC94F7600AE1581 /* localHackDay.app */;
			productType = "com.apple.product-type.application";
		};
		18EB3F521BC94F7700AE1581 /* localHackDayTests */ = {
			isa = PBXNativeTarget;
			buildConfigurationList = 18EB3F601BC94F7700AE1581 /* Build configuration list for PBXNativeTarget "localHackDayTests" */;
			buildPhases = (
				18EB3F4F1BC94F7700AE1581 /* Sources */,
				18EB3F501BC94F7700AE1581 /* Frameworks */,
				18EB3F511BC94F7700AE1581 /* Resources */,
			);
			buildRules = (
			);
			dependencies = (
				18EB3F551BC94F7700AE1581 /* PBXTargetDependency */,
			);
			name = localHackDayTests;
			productName = localHackDayTests;
			productReference = 18EB3F531BC94F7700AE1581 /* localHackDayTests.xctest */;
			productType = "com.apple.product-type.bundle.unit-test";
		};
/* End PBXNativeTarget section */

/* Begin PBXProject section */
		18EB3F321BC94F7600AE1581 /* Project object */ = {
			isa = PBXProject;
			attributes = {
				LastUpgradeCheck = 0700;
				ORGANIZATIONNAME = team;
				TargetAttributes = {
					18EB3F391BC94F7600AE1581 = {
						CreatedOnToolsVersion = 6.3.2;
						DevelopmentTeam = AZ3X6VA654;
					};
					18EB3F521BC94F7700AE1581 = {
						CreatedOnToolsVersion = 6.3.2;
						TestTargetID = 18EB3F391BC94F7600AE1581;
					};
				};
			};
			buildConfigurationList = 18EB3F351BC94F7600AE1581 /* Build configuration list for PBXProject "localHackDay" */;
			compatibilityVersion = "Xcode 3.2";
			developmentRegion = English;
			hasScannedForEncodings = 0;
			knownRegions = (
				en,
				Base,
			);
			mainGroup = 18EB3F311BC94F7600AE1581;
			productRefGroup = 18EB3F3B1BC94F7600AE1581 /* Products */;
			projectDirPath = "";
			projectRoot = "";
			targets = (
				18EB3F391BC94F7600AE1581 /* localHackDay */,
				18EB3F521BC94F7700AE1581 /* localHackDayTests */,
			);
		};
/* End PBXProject section */

/* Begin PBXResourcesBuildPhase section */
		18EB3F381BC94F7600AE1581 /* Resources */ = {
			isa = PBXResourcesBuildPhase;
			buildActionMask = 2147483647;
			files = (
				7302EF1B1BE032DD006D594D /* EditCategoryViewController.xib in Resources */,
				73B25A201BE4E91600D8A639 /* MyTasksViewController.xib in Resources */,
				73AAA7561BD8FA1800B2906B /* settingsIcon2.png in Resources */,
				73C1E92B1BDC2D16001565F4 /* RegisterUserViewController.xib in Resources */,
				7392C60E1BD1422500D2549A /* CategoryViewController.xib in Resources */,
				7392C6091BD13D5300D2549A /* LoginViewController.xib in Resources */,
				731986081BCDAAF5007D5B13 /* NewTaskViewController.xib in Resources */,
				7323900E1BD3971A001AA917 /* Logo.png in Resources */,
				739DB4F71BD3010000336726 /* MainTabBarController.xib in Resources */,
				7324C08D1BD8481A0049465C /* MyFlatViewController.xib in Resources */,
				73AAA74C1BD8ECFA00B2906B /* settingsIcon.png in Resources */,
				7388DCF01BD3B13B0088C824 /* AvailableTasksViewController.xib in Resources */,
				73AA9B101BD4DBFC00F1ADC9 /* EditTaskViewController.xib in Resources */,
				73C1E9261BDC2AD4001565F4 /* RegisterFlatViewController.xib in Resources */,
				18EB3F4E1BC94F7700AE1581 /* LaunchScreen.xib in Resources */,
				18EB3F4B1BC94F7700AE1581 /* Images.xcassets in Resources */,
				7319860D1BCDABD4007D5B13 /* NewCategoryViewController.xib in Resources */,
				739DB4E31BD2D9E900336726 /* SelectedCategoryViewController.xib in Resources */,
				73CCD2511BD43E5C00CD3678 /* SelectedTaskViewController.xib in Resources */,
				73AAA75B1BD9005000B2906B /* NewFlatmateViewController.xib in Resources */,
			);
			runOnlyForDeploymentPostprocessing = 0;
		};
		18EB3F511BC94F7700AE1581 /* Resources */ = {
			isa = PBXResourcesBuildPhase;
			buildActionMask = 2147483647;
			files = (
			);
			runOnlyForDeploymentPostprocessing = 0;
		};
/* End PBXResourcesBuildPhase section */

/* Begin PBXSourcesBuildPhase section */
		18EB3F361BC94F7600AE1581 /* Sources */ = {
			isa = PBXSourcesBuildPhase;
			buildActionMask = 2147483647;
			files = (
				7392C60D1BD1422500D2549A /* CategoryViewController.m in Sources */,
				7324C08C1BD8481A0049465C /* MyFlatViewController.m in Sources */,
				73C1E9251BDC2AD4001565F4 /* RegisterFlatViewController.m in Sources */,
				7392C6081BD13D5300D2549A /* LoginViewController.m in Sources */,
				7319860C1BCDABD4007D5B13 /* NewCategoryViewController.m in Sources */,
				73AA9B0F1BD4DBFC00F1ADC9 /* EditTaskViewController.m in Sources */,
				18EB3F431BC94F7700AE1581 /* AppDelegate.m in Sources */,
				73C1E92A1BDC2D16001565F4 /* RegisterUserViewController.m in Sources */,
				739DB4E21BD2D9E900336726 /* SelectedCategoryViewController.m in Sources */,
				7388DCEF1BD3B13B0088C824 /* AvailableTasksViewController.m in Sources */,
				739DB4F61BD3010000336726 /* MainTabBarController.m in Sources */,
				73CCD2501BD43E5C00CD3678 /* SelectedTaskViewController.m in Sources */,
				7302EF1A1BE032DD006D594D /* EditCategoryViewController.m in Sources */,
				731986071BCDAAF5007D5B13 /* NewTaskViewController.m in Sources */,
				18EB3F401BC94F7600AE1581 /* main.m in Sources */,
				73AAA75A1BD9005000B2906B /* NewFlatmateViewController.m in Sources */,
				73B25A1F1BE4E91600D8A639 /* MyTasksViewController.m in Sources */,
			);
			runOnlyForDeploymentPostprocessing = 0;
		};
		18EB3F4F1BC94F7700AE1581 /* Sources */ = {
			isa = PBXSourcesBuildPhase;
			buildActionMask = 2147483647;
			files = (
				18EB3F5A1BC94F7700AE1581 /* localHackDayTests.m in Sources */,
			);
			runOnlyForDeploymentPostprocessing = 0;
		};
/* End PBXSourcesBuildPhase section */

/* Begin PBXTargetDependency section */
		18EB3F551BC94F7700AE1581 /* PBXTargetDependency */ = {
			isa = PBXTargetDependency;
			target = 18EB3F391BC94F7600AE1581 /* localHackDay */;
			targetProxy = 18EB3F541BC94F7700AE1581 /* PBXContainerItemProxy */;
		};
/* End PBXTargetDependency section */

/* Begin PBXVariantGroup section */
		18EB3F4C1BC94F7700AE1581 /* LaunchScreen.xib */ = {
			isa = PBXVariantGroup;
			children = (
				18EB3F4D1BC94F7700AE1581 /* Base */,
			);
			name = LaunchScreen.xib;
			sourceTree = "<group>";
		};
/* End PBXVariantGroup section */

/* Begin XCBuildConfiguration section */
		18EB3F5B1BC94F7700AE1581 /* Debug */ = {
			isa = XCBuildConfiguration;
			buildSettings = {
				ALWAYS_SEARCH_USER_PATHS = NO;
				CLANG_CXX_LANGUAGE_STANDARD = "gnu++0x";
				CLANG_CXX_LIBRARY = "libc++";
				CLANG_ENABLE_MODULES = YES;
				CLANG_ENABLE_OBJC_ARC = YES;
				CLANG_WARN_BOOL_CONVERSION = YES;
				CLANG_WARN_CONSTANT_CONVERSION = YES;
				CLANG_WARN_DIRECT_OBJC_ISA_USAGE = YES_ERROR;
				CLANG_WARN_EMPTY_BODY = YES;
				CLANG_WARN_ENUM_CONVERSION = YES;
				CLANG_WARN_INT_CONVERSION = YES;
				CLANG_WARN_OBJC_ROOT_CLASS = YES_ERROR;
				CLANG_WARN_UNREACHABLE_CODE = YES;
				CLANG_WARN__DUPLICATE_METHOD_MATCH = YES;
				"CODE_SIGN_IDENTITY[sdk=iphoneos*]" = "iPhone Developer";
				COPY_PHASE_STRIP = NO;
				DEBUG_INFORMATION_FORMAT = "dwarf-with-dsym";
				ENABLE_STRICT_OBJC_MSGSEND = YES;
				ENABLE_TESTABILITY = YES;
				GCC_C_LANGUAGE_STANDARD = gnu99;
				GCC_DYNAMIC_NO_PIC = NO;
				GCC_NO_COMMON_BLOCKS = YES;
				GCC_OPTIMIZATION_LEVEL = 0;
				GCC_PREPROCESSOR_DEFINITIONS = (
					"DEBUG=1",
					"$(inherited)",
				);
				GCC_SYMBOLS_PRIVATE_EXTERN = NO;
				GCC_WARN_64_TO_32_BIT_CONVERSION = YES;
				GCC_WARN_ABOUT_RETURN_TYPE = YES_ERROR;
				GCC_WARN_UNDECLARED_SELECTOR = YES;
				GCC_WARN_UNINITIALIZED_AUTOS = YES_AGGRESSIVE;
				GCC_WARN_UNUSED_FUNCTION = YES;
				GCC_WARN_UNUSED_VARIABLE = YES;
				IPHONEOS_DEPLOYMENT_TARGET = 9.0;
				MTL_ENABLE_DEBUG_INFO = YES;
				ONLY_ACTIVE_ARCH = YES;
				SDKROOT = iphoneos;
				TARGETED_DEVICE_FAMILY = "1,2";
			};
			name = Debug;
		};
		18EB3F5C1BC94F7700AE1581 /* Release */ = {
			isa = XCBuildConfiguration;
			buildSettings = {
				ALWAYS_SEARCH_USER_PATHS = NO;
				CLANG_CXX_LANGUAGE_STANDARD = "gnu++0x";
				CLANG_CXX_LIBRARY = "libc++";
				CLANG_ENABLE_MODULES = YES;
				CLANG_ENABLE_OBJC_ARC = YES;
				CLANG_WARN_BOOL_CONVERSION = YES;
				CLANG_WARN_CONSTANT_CONVERSION = YES;
				CLANG_WARN_DIRECT_OBJC_ISA_USAGE = YES_ERROR;
				CLANG_WARN_EMPTY_BODY = YES;
				CLANG_WARN_ENUM_CONVERSION = YES;
				CLANG_WARN_INT_CONVERSION = YES;
				CLANG_WARN_OBJC_ROOT_CLASS = YES_ERROR;
				CLANG_WARN_UNREACHABLE_CODE = YES;
				CLANG_WARN__DUPLICATE_METHOD_MATCH = YES;
				"CODE_SIGN_IDENTITY[sdk=iphoneos*]" = "iPhone Developer";
				COPY_PHASE_STRIP = NO;
				DEBUG_INFORMATION_FORMAT = "dwarf-with-dsym";
				ENABLE_NS_ASSERTIONS = NO;
				ENABLE_STRICT_OBJC_MSGSEND = YES;
				GCC_C_LANGUAGE_STANDARD = gnu99;
				GCC_NO_COMMON_BLOCKS = YES;
				GCC_WARN_64_TO_32_BIT_CONVERSION = YES;
				GCC_WARN_ABOUT_RETURN_TYPE = YES_ERROR;
				GCC_WARN_UNDECLARED_SELECTOR = YES;
				GCC_WARN_UNINITIALIZED_AUTOS = YES_AGGRESSIVE;
				GCC_WARN_UNUSED_FUNCTION = YES;
				GCC_WARN_UNUSED_VARIABLE = YES;
				IPHONEOS_DEPLOYMENT_TARGET = 9.0;
				MTL_ENABLE_DEBUG_INFO = NO;
				SDKROOT = iphoneos;
				TARGETED_DEVICE_FAMILY = "1,2";
				VALIDATE_PRODUCT = YES;
			};
			name = Release;
		};
		18EB3F5E1BC94F7700AE1581 /* Debug */ = {
			isa = XCBuildConfiguration;
			buildSettings = {
				ASSETCATALOG_COMPILER_APPICON_NAME = AppIcon;
				CODE_SIGN_IDENTITY = "iPhone Developer";
				"CODE_SIGN_IDENTITY[sdk=iphoneos*]" = "iPhone Developer";
				FRAMEWORK_SEARCH_PATHS = (
					"$(inherited)",
					"$(PROJECT_DIR)",
				);
				INFOPLIST_FILE = localHackDay/Info.plist;
				LD_RUNPATH_SEARCH_PATHS = "$(inherited) @executable_path/Frameworks";
				PRODUCT_BUNDLE_IDENTIFIER = "team.$(PRODUCT_NAME:rfc1034identifier)";
				PRODUCT_NAME = "$(TARGET_NAME)";
				PROVISIONING_PROFILE = "";
			};
			name = Debug;
		};
		18EB3F5F1BC94F7700AE1581 /* Release */ = {
			isa = XCBuildConfiguration;
			buildSettings = {
				ASSETCATALOG_COMPILER_APPICON_NAME = AppIcon;
				CODE_SIGN_IDENTITY = "iPhone Developer";
				"CODE_SIGN_IDENTITY[sdk=iphoneos*]" = "iPhone Developer";
				FRAMEWORK_SEARCH_PATHS = (
					"$(inherited)",
					"$(PROJECT_DIR)",
				);
				INFOPLIST_FILE = localHackDay/Info.plist;
				LD_RUNPATH_SEARCH_PATHS = "$(inherited) @executable_path/Frameworks";
				PRODUCT_BUNDLE_IDENTIFIER = "team.$(PRODUCT_NAME:rfc1034identifier)";
				PRODUCT_NAME = "$(TARGET_NAME)";
				PROVISIONING_PROFILE = "";
			};
			name = Release;
		};
		18EB3F611BC94F7700AE1581 /* Debug */ = {
			isa = XCBuildConfiguration;
			buildSettings = {
				BUNDLE_LOADER = "$(TEST_HOST)";
				FRAMEWORK_SEARCH_PATHS = (
					"$(SDKROOT)/Developer/Library/Frameworks",
					"$(inherited)",
				);
				GCC_PREPROCESSOR_DEFINITIONS = (
					"DEBUG=1",
					"$(inherited)",
				);
				INFOPLIST_FILE = localHackDayTests/Info.plist;
				LD_RUNPATH_SEARCH_PATHS = "$(inherited) @executable_path/Frameworks @loader_path/Frameworks";
				PRODUCT_BUNDLE_IDENTIFIER = "team.$(PRODUCT_NAME:rfc1034identifier)";
				PRODUCT_NAME = "$(TARGET_NAME)";
				TEST_HOST = "$(BUILT_PRODUCTS_DIR)/localHackDay.app/localHackDay";
			};
			name = Debug;
		};
		18EB3F621BC94F7700AE1581 /* Release */ = {
			isa = XCBuildConfiguration;
			buildSettings = {
				BUNDLE_LOADER = "$(TEST_HOST)";
				FRAMEWORK_SEARCH_PATHS = (
					"$(SDKROOT)/Developer/Library/Frameworks",
					"$(inherited)",
				);
				INFOPLIST_FILE = localHackDayTests/Info.plist;
				LD_RUNPATH_SEARCH_PATHS = "$(inherited) @executable_path/Frameworks @loader_path/Frameworks";
				PRODUCT_BUNDLE_IDENTIFIER = "team.$(PRODUCT_NAME:rfc1034identifier)";
				PRODUCT_NAME = "$(TARGET_NAME)";
				TEST_HOST = "$(BUILT_PRODUCTS_DIR)/localHackDay.app/localHackDay";
			};
			name = Release;
		};
/* End XCBuildConfiguration section */

/* Begin XCConfigurationList section */
		18EB3F351BC94F7600AE1581 /* Build configuration list for PBXProject "localHackDay" */ = {
			isa = XCConfigurationList;
			buildConfigurations = (
				18EB3F5B1BC94F7700AE1581 /* Debug */,
				18EB3F5C1BC94F7700AE1581 /* Release */,
			);
			defaultConfigurationIsVisible = 0;
			defaultConfigurationName = Release;
		};
		18EB3F5D1BC94F7700AE1581 /* Build configuration list for PBXNativeTarget "localHackDay" */ = {
			isa = XCConfigurationList;
			buildConfigurations = (
				18EB3F5E1BC94F7700AE1581 /* Debug */,
				18EB3F5F1BC94F7700AE1581 /* Release */,
			);
			defaultConfigurationIsVisible = 0;
			defaultConfigurationName = Release;
		};
		18EB3F601BC94F7700AE1581 /* Build configuration list for PBXNativeTarget "localHackDayTests" */ = {
			isa = XCConfigurationList;
			buildConfigurations = (
				18EB3F611BC94F7700AE1581 /* Debug */,
				18EB3F621BC94F7700AE1581 /* Release */,
			);
			defaultConfigurationIsVisible = 0;
			defaultConfigurationName = Release;
		};
/* End XCConfigurationList section */
	};
	rootObject = 18EB3F321BC94F7600AE1581 /* Project object */;
}
